
Microsoft Visual Studio Solution File, Format Version 12.00
# Visual Studio Version 17
VisualStudioVersion = 17.5.33424.131
MinimumVisualStudioVersion = 10.0.40219.1
Project("{FAE04EC0-301F-11D3-BF4B-00C04F79EFBC}") = "OOPPr3.3", "OOPPr3.3\OOPPr3.3.csproj", "{62010B82-8FDE-403D-8A6C-91077E210EF0}"
EndProject
Global
	GlobalSection(SolutionConfigurationPlatforms) = preSolution
		Debug|Any CPU = Debug|Any CPU
		Release|Any CPU = Release|Any CPU
	EndGlobalSection
	GlobalSection(ProjectConfigurationPlatforms) = postSolution
		{62010B82-8FDE-403D-8A6C-91077E210EF0}.Debug|Any CPU.ActiveCfg = Debug|Any CPU
		{62010B82-8FDE-403D-8A6C-91077E210EF0}.Debug|Any CPU.Build.0 = Debug|Any CPU
		{62010B82-8FDE-403D-8A6C-91077E210EF0}.Release|Any CPU.ActiveCfg = Release|Any CPU
		{62010B82-8FDE-403D-8A6C-91077E210EF0}.Release|Any CPU.Build.0 = Release|Any CPU
	EndGlobalSection
	GlobalSection(SolutionProperties) = preSolution
		HideSolutionNode = FALSE
	EndGlobalSection
	GlobalSection(ExtensibilityGlobals) = postSolution
		SolutionGuid = {C2CC72F7-A8DF-4D2F-A07A-73EF40D62B1C}
	EndGlobalSection
EndGlobal
